
Microsoft Visual Studio Solution File, Format Version 12.00
# Visual Studio Version 16
VisualStudioVersion = 16.0.32413.511
MinimumVisualStudioVersion = 10.0.40219.1
Project("{FAE04EC0-301F-11D3-BF4B-00C04F79EFBC}") = "Delete_FirstElement", "Delete_FirstElement\Delete_FirstElement.csproj", "{EBB7EC6A-1810-4577-BDFF-87325D4437F4}"
EndProject
Global
	GlobalSection(SolutionConfigurationPlatforms) = preSolution
		Debug|Any CPU = Debug|Any CPU
		Release|Any CPU = Release|Any CPU
	EndGlobalSection
	GlobalSection(ProjectConfigurationPlatforms) = postSolution
		{EBB7EC6A-1810-4577-BDFF-87325D4437F4}.Debug|Any CPU.ActiveCfg = Debug|Any CPU
		{EBB7EC6A-1810-4577-BDFF-87325D4437F4}.Debug|Any CPU.Build.0 = Debug|Any CPU
		{EBB7EC6A-1810-4577-BDFF-87325D4437F4}.Release|Any CPU.ActiveCfg = Release|Any CPU
		{EBB7EC6A-1810-4577-BDFF-87325D4437F4}.Release|Any CPU.Build.0 = Release|Any CPU
	EndGlobalSection
	GlobalSection(SolutionProperties) = preSolution
		HideSolutionNode = FALSE
	EndGlobalSection
	GlobalSection(ExtensibilityGlobals) = postSolution
		SolutionGuid = {4FB47F10-A944-4A8B-ADA6-417B1CAC35C7}
	EndGlobalSection
EndGlobal
