
Microsoft Visual Studio Solution File, Format Version 12.00
# Visual Studio Version 16
VisualStudioVersion = 16.0.32413.511
MinimumVisualStudioVersion = 10.0.40219.1
Project("{FAE04EC0-301F-11D3-BF4B-00C04F79EFBC}") = "LinkedList_Search", "LinkedList_Search\LinkedList_Search.csproj", "{C5925EF5-AFEC-4C67-ADB4-6F39C7F7093A}"
EndProject
Global
	GlobalSection(SolutionConfigurationPlatforms) = preSolution
		Debug|Any CPU = Debug|Any CPU
		Release|Any CPU = Release|Any CPU
	EndGlobalSection
	GlobalSection(ProjectConfigurationPlatforms) = postSolution
		{C5925EF5-AFEC-4C67-ADB4-6F39C7F7093A}.Debug|Any CPU.ActiveCfg = Debug|Any CPU
		{C5925EF5-AFEC-4C67-ADB4-6F39C7F7093A}.Debug|Any CPU.Build.0 = Debug|Any CPU
		{C5925EF5-AFEC-4C67-ADB4-6F39C7F7093A}.Release|Any CPU.ActiveCfg = Release|Any CPU
		{C5925EF5-AFEC-4C67-ADB4-6F39C7F7093A}.Release|Any CPU.Build.0 = Release|Any CPU
	EndGlobalSection
	GlobalSection(SolutionProperties) = preSolution
		HideSolutionNode = FALSE
	EndGlobalSection
	GlobalSection(ExtensibilityGlobals) = postSolution
		SolutionGuid = {9717E0A4-9940-4C38-8763-F199331A381D}
	EndGlobalSection
EndGlobal
