
Microsoft Visual Studio Solution File, Format Version 12.00
# Visual Studio Version 16
VisualStudioVersion = 16.0.32413.511
MinimumVisualStudioVersion = 10.0.40219.1
Project("{FAE04EC0-301F-11D3-BF4B-00C04F79EFBC}") = "Remove_Test", "Remove_Test\Remove_Test.csproj", "{09F61C7C-75CC-42B8-B86E-2FE7E2689AFD}"
EndProject
Project("{FAE04EC0-301F-11D3-BF4B-00C04F79EFBC}") = "Remove_TestTests", "Remove_TestTests\Remove_TestTests.csproj", "{546CA662-4F9D-4482-B171-F5C19568BE8C}"
EndProject
Global
	GlobalSection(SolutionConfigurationPlatforms) = preSolution
		Debug|Any CPU = Debug|Any CPU
		Release|Any CPU = Release|Any CPU
	EndGlobalSection
	GlobalSection(ProjectConfigurationPlatforms) = postSolution
		{09F61C7C-75CC-42B8-B86E-2FE7E2689AFD}.Debug|Any CPU.ActiveCfg = Debug|Any CPU
		{09F61C7C-75CC-42B8-B86E-2FE7E2689AFD}.Debug|Any CPU.Build.0 = Debug|Any CPU
		{09F61C7C-75CC-42B8-B86E-2FE7E2689AFD}.Release|Any CPU.ActiveCfg = Release|Any CPU
		{09F61C7C-75CC-42B8-B86E-2FE7E2689AFD}.Release|Any CPU.Build.0 = Release|Any CPU
		{546CA662-4F9D-4482-B171-F5C19568BE8C}.Debug|Any CPU.ActiveCfg = Debug|Any CPU
		{546CA662-4F9D-4482-B171-F5C19568BE8C}.Debug|Any CPU.Build.0 = Debug|Any CPU
		{546CA662-4F9D-4482-B171-F5C19568BE8C}.Release|Any CPU.ActiveCfg = Release|Any CPU
		{546CA662-4F9D-4482-B171-F5C19568BE8C}.Release|Any CPU.Build.0 = Release|Any CPU
	EndGlobalSection
	GlobalSection(SolutionProperties) = preSolution
		HideSolutionNode = FALSE
	EndGlobalSection
	GlobalSection(ExtensibilityGlobals) = postSolution
		SolutionGuid = {E4010F91-B9A3-45EC-80B2-5469D3C13BD8}
	EndGlobalSection
EndGlobal
