
Microsoft Visual Studio Solution File, Format Version 12.00
# Visual Studio Version 16
VisualStudioVersion = 16.0.32413.511
MinimumVisualStudioVersion = 10.0.40219.1
Project("{FAE04EC0-301F-11D3-BF4B-00C04F79EFBC}") = "Sort", "Sort\Sort.csproj", "{1D811A88-0560-4DAF-98A0-47F1C904C7CA}"
EndProject
Global
	GlobalSection(SolutionConfigurationPlatforms) = preSolution
		Debug|Any CPU = Debug|Any CPU
		Release|Any CPU = Release|Any CPU
	EndGlobalSection
	GlobalSection(ProjectConfigurationPlatforms) = postSolution
		{1D811A88-0560-4DAF-98A0-47F1C904C7CA}.Debug|Any CPU.ActiveCfg = Debug|Any CPU
		{1D811A88-0560-4DAF-98A0-47F1C904C7CA}.Debug|Any CPU.Build.0 = Debug|Any CPU
		{1D811A88-0560-4DAF-98A0-47F1C904C7CA}.Release|Any CPU.ActiveCfg = Release|Any CPU
		{1D811A88-0560-4DAF-98A0-47F1C904C7CA}.Release|Any CPU.Build.0 = Release|Any CPU
	EndGlobalSection
	GlobalSection(SolutionProperties) = preSolution
		HideSolutionNode = FALSE
	EndGlobalSection
	GlobalSection(ExtensibilityGlobals) = postSolution
		SolutionGuid = {D071AA5E-23CA-4C32-9B31-4C9D1B0CF32A}
	EndGlobalSection
EndGlobal
